github.com/aws/aws-lambda-go v1.34.1 h1:M3a/uFYBjii+tDcOJ0wL/WyFi2550FHoECdPf27zvOs=
github.com/aws/aws-lambda-go v1.34.1/go.mod h1:jwFe2KmMsHmffA1X2R09hH6lFzJQxzI8qK17ewzbQMM=
github.com/davecgh/go-spew v1.1.1 h1:vj9j/u1bqnvCEfJOwUhtlOARqs3+rkHYY13jYWTU97c=
github.com/fnproject/fdk-go v0.0.19 h1:2O7+hXO1uLeFaKszKLSH8ha8qxuqePaGogH1ldV9s2w=
github.com/fnproject/fdk-go v0.0.19/go.mod h1:I1vcgeMhAypxJ4pxIgq/pERZJvmanYYSlZaScO+oSps=
github.com/fnproject/fdk-go v0.0.30/go.mod h1:hCpiyW8oIJpRdegoLf8PxKf9k+8mZZGeYgwSKOVG+K0=
github.com/pkg/errors v0.9.1 h1:FEBLx1zS214owpjy7qsBeixbURkuhQAwrK5UwLGTwt4=
github.com/pkg/errors v0.9.1/go.mod h1:bwawxfHBFNV+L2hUp1rHADufV3IMtnDRdf1r5NINEl0=
github.com/pmezard/go-difflib v1.0.0 h1:4DBwDE0NGyQoBHbLQYPwSUPoCMWR5BEzIk/f1lZbAQM=
github.com/stretchr/testify v1.7.2 h1:4jaiDzPyXQvSd7D0EjG45355tLlV3VOECpq10pLC+8s=
github.com/tencentyun/scf-go-lib v0.0.0-20211123032342-f972dcd16ff6 h1:5owXVztD4wNP6bhJzA5UNQyYsIKk5YWbA2EJnnMD/sg=
github.com/tencentyun/scf-go-lib v0.0.0-20211123032342-f972dcd16ff6/go.mod h1:K3DbqPpP2WE/9MWokWWzgFZcbgtMb9Wd5CYk9AAbEN8=
gopkg.in/yaml.v3 v3.0.1 h1:fxVm/GzAzEWqLHuvctI91KS9hhNmmWOoWu0XTYJS7CA=
